/// $*UTF8*$!\n{\n\tarchiveVersion = 1;\n\tclasses = {\n\t};\n\tobjectVersion = 77;\n\tobjects = {\n\n/* Begin PBXFileReference section */\n\t\tDB486A5E2FDF725E00BCEE1B /* StowerMac.app */ = {isa = PBXFileReference; explicitFileType = wrapper.application; includeInIndex = 0; path = StowerMac.app; sourceTree = BUILT_PRODUCTS_DIR; };\n/* End PBXFileReference section */\n\n/* Begin PBXFileSystemSynchronizedRootGroup section */\n/* REMOVED StowerMac root group — MAS-only worktree */\n\t\tCAFEMAS01A5DF00BCEE1B /* StowerMacMAS */ = {\n\t\t\tisa = PBXFileSystemSynchronizedRootGroup;\n\t\t\tpath = StowerMacMAS;\n\t\t\tsourceTree = \"<group>\";\n\t\t};\n/* End PBXFileSystemSynchronizedRootGroup section */\n\n/* Begin PBXFrameworksBuildPhase section */\n\t\tDB486A5B2FDF725E00BCEE1B /* Frameworks */ = {\n\t\t\tisa = PBXFrameworksBuildPhase;\n\t\t\tbuildActionMask = 2147483647;\n\t\t\tfiles = (\n\t\t\t\tDB486A812FE398BF00BCEE1B /* StowerMacUI in Frameworks */,\n\t\t\t);\n\t\t\trunOnlyForDeploymentPostprocessing = 0;\n\t\t};\n/* End PBXFrameworksBuildPhase section */\n\n/* Begin PBXGroup section */\n\t\tDB486A552FDF725E00BCEE1B = {\n\t\t\tisa = PBXGroup;\n\t\t\tchildren = (\n\t\t\t\tCAFEMAS01A5DF00BCEE1B /* StowerMacMAS */,\n\t\t\t\tDB486A5F2FDF725E00BCEE1B /* Products */,\n\t\t\t);\n\t\t\tsourceTree = \"<group>\";\n\t\t};\n\t\tDB486A5F2FDF725E00BCEE1B /* Products */ = {\n\t\t\tisa = PBXGroup;\n\t\t\tchildren = (\n\t\t\t\tDB486A5E2FDF725E00BCEE1B /* StowerMac.app */,\n\t\t\t);\n\t\t\tname = Products;\n\t\t\tsourceTree = \"<group>\";\n\t\t};\n/* End PBXGroup section */\n\n/* Begin PBXNativeTarget section */\n/* REMOVED StowerMac target — MAS-only worktree */\n\t\tCAFEMAS02A5DF00BCEE1B /* StowerMacMAS */ = {\n\t\t\tisa = PBXNativeTarget;\n\t\t\tbuildConfigurationList = CAFEMAS04A5DF00BCEE1B /* Build configuration list for PBXNativeTarget \"StowerMacMAS\" */;\n\t\t\tbuildPhases = (\n\t\t\t\tDB486A5A2FDF725E00BCEE1B /* Sources */,\n\t\t\t\tDB486A5B2FDF725E00BCEE1B /* Frameworks */,\n\t\t\t\tDB486A5C2FDF725E00BCEE1B /* Resources */,\n\t\t\t);\n\t\t\tbuildRules = (\n\t\t\t);\n\t\t\tdependencies = (\n\t\t\t);\n\t\t\tfileSystemSynchronizedGroups = (\n\t\t\t\tCAFEMAS01A5DF00BCEE1B /* StowerMacMAS */,\n\t\t\t);\n\t\t\tname = StowerMacMAS;\n\t\t\tpackageProductDependencies = (\n\t\t\t\tDB486A802FE398BF00BCEE1B /* StowerMacUI */,\n\t\t\t);\n\t\t\tproductName = StowerMacMAS;\n\t\t\tproductReference = DB486A5E2FDF725E00BCEE1B /* StowerMac.app */;\n\t\t\tproductType = \"com.apple.product-type.application\";\n\t\t};\n/* End PBXNativeTarget section */\n\n/* Begin PBXProject section */\n\t\tDB486A562FDF725E00BCEE1B /* Project object */ = {\n\t\t\tisa = PBXProject;\n\t\t\tattributes = {\n\t\t\t\tBuildIndependentTargetsInParallel = 1;\n\t\t\t\tLastSwiftUpdateCheck = 2650;\n\t\t\t\tLastUpgradeCheck = 2650;\n\t\t\t\tTargetAttributes = {\n\t\t\t\t\tCAFEMAS02A5DF00BCEE1B = {\n\t\t\t\t\t\tCreatedOnToolsVersion = 26.5;\n\t\t\t\t\t};\n\t\t\t\t};\n\t\t\t};\n\t\t\tbuildConfigurationList = DB486A592FDF725E00BCEE1B /* Build configuration list for PBXProject \"StowerMac\" */;\n\t\t\tdevelopmentRegion = en;\n\t\t\thasScannedForEncodings = 0;\n\t\t\tknownRegions = (\n\t\t\t\ten,\n\t\t\t\tBase,\n\t\t\t);\n\t\t\tmainGroup = DB486A552FDF725E00BCEE1B;\n\t\t\tminimizedProjectReferenceProxies = 1;\n\t\t\tpackageReferences = (\n\t\t\t\tDB486A7F2FE398BF00BCEE1B /* XCLocalSwiftPackageReference \"..\" */,\n\t\t\t);\n\t\t\tpreferredProjectObjectVersion = 77;\n\t\t\tproductRefGroup = DB486A5F2FDF725E00BCEE1B /* Products */;\n\t\t\tprojectDirPath = \"\";\n\t\t\tprojectRoot = \"\";\n\t\t\ttargets = (\n\t\t\t\tCAFEMAS02A5DF00BCEE1B /* StowerMacMAS */,\n\t\t\t);\n\t\t};\n/* End PBXProject section */\n\n/* Begin PBXResourcesBuildPhase section */\n\t\tDB486A5C2FDF725E00BCEE1B /* Resources */ = {\n\t\t\tisa = PBXResourcesBuildPhase;\n\t\t\tbuildActionMask = 2147483647;\n\t\t\tfiles = (\n\t\t\t);\n\t\t\trunOnlyForDeploymentPostprocessing = 0;\n\t\t};\n/* End PBXResourcesBuildPhase section */\n\n/* Begin PBXSourcesBuildPhase section */\n\t\tDB486A5A2FDF725E00BCEE1B /* Sources */ = {\n\t\t\tisa = PBXSourcesBuildPhase;\n\t\t\tbuildActionMask = 2147483647;\n\t\t\tfiles = (\n\t\t\t);\n\t\t\trunOnlyForDeploymentPostprocessing = 0;\n\t\t};\n/* End PBXSourcesBuildPhase section */\n\n/* Begin XCBuildConfiguration section */\n\t\tDB486A672FDF725F00BCEE1B /* Debug */ = {\n\t\t\tisa = XCBuildConfiguration;\n\t\t\tbuildSettings = {\n\t\t\t\tALWAYS_SEARCH_USER_PATHS = NO;\n\t\t\t\tASSETCATALOG_COMPILER_GENERATE_SWIFT_ASSET_SYMBOL_EXTENSIONS = YES;\n\t\t\t\tCLANG_ANALYZER_NONNULL = YES;\n\t\t\t\tCLANG_CXX_LANGUAGE_STANDARD = \"gnu++20\";\n\t\t\t\tCLANG_ENABLE_MODULES = YES;\n\t\t\t\tCLANG_ENABLE_OBJC_ARC = YES;\n\t\t\t\tCLANG_ENABLE_OBJC_WEAK = YES;\n\t\t\t\tCLANG_WARN_BLOCK_CAPTURE_AUTORELEASING = YES;\n\t\t\t\tCLANG_WARN_BOOL_CONVERSION = YES;\n\t\t\t\tCLANG_WARN_COMMA = YES;\n\t\t\t\tCLANG_WARN_CONSTANT_CONVERSION = YES;\n\t\t\t\tCLANG_WARN_DEPRECATED_OBJC_IMPLEMENTATIONS = YES;\n\t\t\t\tCLANG_WARN_DIRECT_OBJC_ISA_USAGE = YES_ERROR;\n\t\t\t\tCLANG_WARN_DOCUMENTATION_COMMENTS = YES;\n\t\t\t\tCLANG_WARN_EMPTY_BODY = YES;\n\t\t\t\tCLANG_WARN_ENUM_CONVERSION = YES;\n\t\t\t\tCLANG_WARN_INFINITE_RECURSION = YES;\n\t\t\t\tCLANG_WARN_INT_CONVERSION = YES;\n\t\t\t\tCLANG_WARN_NON_LITERAL_NULL_CONVERSION = YES;\n\t\t\t\tCLANG_WARN_OBJC_IMPLICIT_RETAIN_SELF = YES;\n\t\t\t\tCLANG_WARN_OBJC_LITERAL_CONVERSION = YES;\n\t\t\t\tCLANG_WARN_OBJC_ROOT_CLASS = YES_ERROR;\n\t\t\t\tCLANG_WARN_QUOTED_INCLUDE_IN_FRAMEWORK_HEADER = YES;\n\t\t\t\tCLANG_WARN_RANGE_LOOP_ANALYSIS = YES;\n\t\t\t\tCLANG_WARN_STRICT_PROTOTYPES = YES;\n\t\t\t\tCLANG_WARN_SUSPICIOUS_MOVE = YES;\n\t\t\t\tCLANG_WARN_UNGUARDED_AVAILABILITY = YES_AGGRESSIVE;\n\t\t\t\tCLANG_WARN_UNREACHABLE_CODE = YES;\n\t\t\t\tCLANG_WARN__DUPLICATE_METHOD_MATCH = YES;\n\t\t\t\tCOPY_PHASE_STRIP = NO;\n\t\t\t\tDEBUG_INFORMATION_FORMAT = dwarf;\n\t\t\t\tDEVELOPMENT_TEAM = 2446N3925D;\n\t\t\t\tENABLE_STRICT_OBJC_MSGSEND = YES;\n\t\t\t\tENABLE_TESTABILITY = YES;\n\t\t\t\tENABLE_USER_SCRIPT_SANDBOXING = YES;\n\t\t\t\tGCC_C_LANGUAGE_STANDARD = gnu17;\n\t\t\t\tGCC_DYNAMIC_NO_PIC = NO;\n\t\t\t\tGCC_NO_COMMON_BLOCKS = YES;\n\t\t\t\tGCC_OPTIMIZATION_LEVEL = 0;\n\t\t\t\tGCC_PREPROCESSOR_DEFINITIONS = (\n\t\t\t\t\t\"DEBUG=1\",\n\t\t\t\t\t\"$(inherited)\",\n\t\t\t\t);\n\t\t\t\tGCC_WARN_64_TO_32_BIT_CONVERSION = YES;\n\t\t\t\tGCC_WARN_ABOUT_RETURN_TYPE = YES_ERROR;\n\t\t\t\tGCC_WARN_UNDECLARED_SELECTOR = YES;\n\t\t\t\tGCC_WARN_UNINITIALIZED_AUTOS = YES_AGGRESSIVE;\n\t\t\t\tGCC_WARN_UNUSED_FUNCTION = YES;\n\t\t\t\tGCC_WARN_UNUSED_VARIABLE = YES;\n\t\t\t\tLOCALIZATION_PREFERS_STRING_CATALOGS = YES;\n\t\t\t\tMTL_ENABLE_DEBUG_INFO = INCLUDE_SOURCE;\n\t\t\t\tMTL_FAST_MATH = YES;\n\t\t\t\tONLY_ACTIVE_ARCH = YES;\n\t\t\t\tSWIFT_ACTIVE_COMPILATION_CONDITIONS = \"DEBUG $(inherited)\";\n\t\t\t\tSWIFT_OPTIMIZATION_LEVEL = \"-Onone\";\n\t\t\t};\n\t\t\tname = Debug;\n\t\t};\n\t\tDB486A682FDF725F00BCEE1B /* Release */ = {\n\t\t\tisa = XCBuildConfiguration;\n\t\t\tbuildSettings = {\n\t\t\t\tALWAYS_SEARCH_USER_PATHS = NO;\n\t\t\t\tASSETCATALOG_COMPILER_GENERATE_SWIFT_ASSET_SYMBOL_EXTENSIONS = YES;\n\t\t\t\tCLANG_ANALYZER_NONNULL = YES;\n\t\t\t\tCLANG_CXX_LANGUAGE_STANDARD = \"gnu++20\";\n\t\t\t\tCLANG_ENABLE_MODULES = YES;\n\t\t\t\tCLANG_ENABLE_OBJC_ARC = YES;\n\t\t\t\tCLANG_ENABLE_OBJC_WEAK = YES;\n\t\t\t\tCLANG_WARN_BLOCK_CAPTURE_AUTORELEASING = YES;\n\t\t\t\tCLANG_WARN_BOOL_CONVERSION = YES;\n\t\t\t\tCLANG_WARN_COMMA = YES;\n\t\t\t\tCLANG_WARN_CONSTANT_CONVERSION = YES;\n\t\t\t\tCLANG_WARN_DEPRECATED_OBJC_IMPLEMENTATIONS = YES;\n\t\t\t\tCLANG_WARN_DIRECT_OBJC_ISA_USAGE = YES_ERROR;\n\t\t\t\tCLANG_WARN_DOCUMENTATION_COMMENTS = YES;\n\t\t\t\tCLANG_WARN_EMPTY_BODY = YES;\n\t\t\t\tCLANG_WARN_ENUM_CONVERSION = YES;\n\t\t\t\tCLANG_WARN_INFINITE_RECURSION = YES;\n\t\t\t\tCLANG_WARN_INT_CONVERSION = YES;\n\t\t\t\tCLANG_WARN_NON_LITERAL_NULL_CONVERSION = YES;\n\t\t\t\tCLANG_WARN_OBJC_IMPLICIT_RETAIN_SELF = YES;\n\t\t\t\tCLANG_WARN_OBJC_LITERAL_CONVERSION = YES;\n\t\t\t\tCLANG_WARN_OBJC_ROOT_CLASS = YES_ERROR;\n\t\t\t\tCLANG_WARN_QUOTED_INCLUDE_IN_FRAMEWORK_HEADER = YES;\n\t\t\t\tCLANG_WARN_RANGE_LOOP_ANALYSIS = YES;\n\t\t\t\tCLANG_WARN_STRICT_PROTOTYPES = YES;\n\t\t\t\tCLANG_WARN_SUSPICIOUS_MOVE = YES;\n\t\t\t\tCLANG_WARN_UNGUARDED_AVAILABILITY = YES_AGGRESSIVE;\n\t\t\t\tCLANG_WARN_UNREACHABLE_CODE = YES;\n\t\t\t\tCLANG_WARN__DUPLICATE_METHOD_MATCH = YES;\n\t\t\t\tCOPY_PHASE_STRIP = NO;\n\t\t\t\tDEBUG_INFORMATION_FORMAT = \"dwarf-with-dsym\";\n\t\t\t\tDEVELOPMENT_TEAM = 2446N3925D;\n\t\t\t\tENABLE_NS_ASSERTIONS = NO;\n\t\t\t\tENABLE_STRICT_OBJC_MSGSEND = YES;\n\t\t\t\tENABLE_USER_SCRIPT_SANDBOXING = YES;\n\t\t\t\tGCC_C_LANGUAGE_STANDARD = gnu17;\n\t\t\t\tGCC_NO_COMMON_BLOCKS = YES;\n\t\t\t\tGCC_WARN_64_TO_32_BIT_CONVERSION = YES;\n\t\t\t\tGCC_WARN_ABOUT_RETURN_TYPE = YES_ERROR;\n\t\t\t\tGCC_WARN_UNDECLARED_SELECTOR = YES;\n\t\t\t\tGCC_WARN_UNINITIALIZED_AUTOS = YES_AGGRESSIVE;\n\t\t\t\tGCC_WARN_UNUSED_FUNCTION = YES;\n\t\t\t\tGCC_WARN_UNUSED_VARIABLE = YES;\n\t\t\t\tLOCALIZATION_PREFERS_STRING_CATALOGS = YES;\n\t\t\t\tMTL_ENABLE_DEBUG_INFO = NO;\n\t\t\t\tMTL_FAST_MATH = YES;\n\t\t\t\tSWIFT_COMPILATION_MODE = wholemodule;\n\t\t\t};\n\t\t\tname = Release;\n\t\t};\n/* REMOVED old StowerMac target-level Debug/Release configs — MAS replaces them below */\n\t\tCAFEMAS05A5DF00BCEE1B /* Debug */ = {\n\t\t\tisa = XCBuildConfiguration;\n\t\t\tbuildSettings = {\n\t\t\t\tASSETCATALOG_COMPILER_APPICON_NAME = AppIcon;\n\t\t\t\tASSETCATALOG_COMPILER_GLOBAL_ACCENT_COLOR_NAME = AccentColor;\n\t\t\t\tCODE_SIGN_ENTITLEMENTS = StowerMacMAS/StowerMacMAS.entitlements;\n\t\t\t\tCODE_SIGN_STYLE = Automatic;\n\t\t\t\tCURRENT_PROJECT_VERSION = 1;\n\t\t\t\tDEVELOPMENT_TEAM = 2446N3925D;\n\t\t\t\tENABLE_APP_SANDBOX = YES;\n\t\t\t\tENABLE_HARDENED_RUNTIME = YES;\n\t\t\t\tENABLE_PREVIEWS = YES;\n\t\t\t\tENABLE_USER_SELECTED_FILES = readonly;\n\t\t\t\tGENERATE_INFOPLIST_FILE = YES;\n\t\t\t\tINFOPLIST_KEY_CFBundleDisplayName = \"Stower MAS Test\";\n\t\t\t\tINFOPLIST_KEY_NSContactsUsageDescription = \"Stower uses your contacts to show names instead of phone numbers on your relationship board. Your contacts never leave this Mac.\";\n\t\t\t\tINFOPLIST_FILE = StowerMacMAS/Info.plist;\n\t\t\t\tLD_RUNPATH_SEARCH_PATHS = \"@executable_path/../Frameworks\";\n\t\t\t\tMACOSX_DEPLOYMENT_TARGET = 26.4;\n\t\t\t\tMARKETING_VERSION = 1.0;\n\t\t\t\tPRODUCT_BUNDLE_IDENTIFIER = app.stower.mas.debug;\n\t\t\t\tPRODUCT_NAME = Stower;\n\t\t\t\tSDKROOT = macosx;\n\t\t\t\tSUPPORTED_PLATFORMS = macosx;\n\t\t\t\tSWIFT_ACTIVE_COMPILATION_CONDITIONS = \"DEBUG $(inherited)\";\n\t\t\t\tSWIFT_DEFAULT_ACTOR_ISOLATION = MainActor;\n\t\t\t\tSWIFT_EMIT_LOC_STRINGS = YES;\n\t\t\t\tSWIFT_OPTIMIZATION_LEVEL = \"-Onone\";\n\t\t\t\tSWIFT_VERSION = 5.0;\n\t\t\t\tTARGETED_DEVICE_FAMILY = \"1,2,7\";\n\t\t\t};\n\t\t\tname = Debug;\n\t\t};\n\t\tCAFEMAS06A5DF00BCEE1B /* Release */ = {\n\t\t\tisa = XCBuildConfiguration;\n\t\t\tbuildSettings = {\n\t\t\t\tASSETCATALOG_COMPILER_APPICON_NAME = AppIcon;\n\t\t\t\tASSETCATALOG_COMPILER_GLOBAL_ACCENT_COLOR_NAME = AccentColor;\n\t\t\t\tCODE_SIGN_ENTITLEMENTS = StowerMacMAS/StowerMacMAS.entitlements;\n\t\t\t\tCODE_SIGN_STYLE = Automatic;\n\t\t\t\tCURRENT_PROJECT_VERSION = 1;\n\t\t\t\tDEVELOPMENT_TEAM = 2446N3925D;\n\t\t\t\tENABLE_APP_SANDBOX = YES;\n\t\t\t\tENABLE_HARDENED_RUNTIME = YES;\n\t\t\t\tENABLE_USER_SELECTED_FILES = readonly;\n\t\t\t\tGENERATE_INFOPLIST_FILE = YES;\n\t\t\t\tINFOPLIST_KEY_CFBundleDisplayName = Stower;\n\t\t\t\tINFOPLIST_KEY_NSContactsUsageDescription = \"Stower uses your contacts to show names instead of phone numbers on your relationship board. Your contacts never leave this Mac.\";\n\t\t\t\tINFOPLIST_FILE = StowerMacMAS/Info.plist;\n\t\t\t\tLD_RUNPATH_SEARCH_PATHS = \"@executable_path/../Frameworks\";\n\t\t\t\tMACOSX_DEPLOYMENT_TARGET = 26.4;\n\t\t\t\tMARKETING_VERSION = 1.0;\n\t\t\t\tPRODUCT_BUNDLE_IDENTIFIER = app.stower.mas;\n\t\t\t\tPRODUCT_NAME = Stower;\n\t\t\t\tSDKROOT = macosx;\n\t\t\t\tSUPPORTED_PLATFORMS = macosx;\n\t\t\t\tSWIFT_COMPILATION_MODE = wholemodule;\n\t\t\t\tSWIFT_DEFAULT_ACTOR_ISOLATION = MainActor;\n\t\t\t\tSWIFT_EMIT_LOC_STRINGS = YES;\n\t\t\t\tSWIFT_VERSION = 5.0;\n\t\t\t\tTARGETED_DEVICE_FAMILY = \"1,2,7\";\n\t\t\t};\n\t\t\tname = Release;\n\t\t};\n/* End XCBuildConfiguration section */\n\n/* Begin XCConfigurationList section */\n\t\tDB486A592FDF725E00BCEE1B /* Build configuration list for PBXProject \"StowerMac\" */ = {\n\t\t\tisa = XCConfigurationList;\n\t\t\tbuildConfigurations = (\n\t\t\t\tDB486A672FDF725F00BCEE1B /* Debug */,\n\t\t\t\tDB486A682FDF725F00BCEE1B /* Release */,\n\t\t\t);\n\t\t\tdefaultConfigurationIsVisible = 0;\n\t\t\tdefaultConfigurationName = Release;\n\t\t};\n\t\tCAFEMAS04A5DF00BCEE1B /* Build configuration list for PBXNativeTarget \"StowerMacMAS\" */ = {\n\t\t\tisa = XCConfigurationList;\n\t\t\tbuildConfigurations = (\n\t\t\t\tCAFEMAS05A5DF00BCEE1B /* Debug */,\n\t\t\t\tCAFEMAS06A5DF00BCEE1B /* Release */,\n\t\t\t);\n\t\t\tdefaultConfigurationIsVisible = 0;\n\t\t\tdefaultConfigurationName = Release;\n\t\t};\n/* End XCConfigurationList section */\n\n/* Begin XCLocalSwiftPackageReference section */\n\t\tDB486A7F2FE398BF00BCEE1B /* XCLocalSwiftPackageReference \"..\" */ = {\n\t\t\tisa = XCLocalSwiftPackageReference;\n\t\t\trelativePath = ..;\n\t\t};\n/* End XCLocalSwiftPackageReference section */\n\n/* REMOVED Sparkle package reference — MAS target does not link Sparkle */\n\n/* Begin XCSwiftPackageProductDependency section */\n\t\tDB486A802FE398BF00BCEE1B /* StowerMacUI */ = {\n\t\t\tisa = XCSwiftPackageProductDependency;\n\t\t\tproductName = StowerMacUI;\n\t\t};\n/* End XCSwiftPackageProductDependency section */\n\t};\n\trootObject = DB486A562FDF725E00BCEE1B /* Project object */;\n}\n", "path": "/Users/emilykang/worktrees/stower-mas/mas-migration/stower-mas/StowerMac/StowerMac.xcodeproj/project.pbxproj"}